
Microsoft Visual Studio Solution File, Format Version 12.00
# Visual Studio Version 17
VisualStudioVersion = 17.8.34511.84
MinimumVisualStudioVersion = 10.0.40219.1
Project("{FAE04EC0-301F-11D3-BF4B-00C04F79EFBC}") = "PNGMetadataViewer", "PNGMetadataViewer.csproj", "{D5B326DE-2726-4CC0-A5DE-6A134711E612}"
EndProject
Global
	GlobalSection(SolutionConfigurationPlatforms) = preSolution
		Debug|Any CPU = Debug|Any CPU
		Release|Any CPU = Release|Any CPU
	EndGlobalSection
	GlobalSection(ProjectConfigurationPlatforms) = postSolution
		{D5B326DE-2726-4CC0-A5DE-6A134711E612}.Debug|Any CPU.ActiveCfg = Debug|Any CPU
		{D5B326DE-2726-4CC0-A5DE-6A134711E612}.Debug|Any CPU.Build.0 = Debug|Any CPU
		{D5B326DE-2726-4CC0-A5DE-6A134711E612}.Release|Any CPU.ActiveCfg = Release|Any CPU
		{D5B326DE-2726-4CC0-A5DE-6A134711E612}.Release|Any CPU.Build.0 = Release|Any CPU
	EndGlobalSection
	GlobalSection(SolutionProperties) = preSolution
		HideSolutionNode = FALSE
	EndGlobalSection
	GlobalSection(ExtensibilityGlobals) = postSolution
		SolutionGuid = {5C976CFF-6849-4CD9-B957-C65D204E8AE5}
	EndGlobalSection
EndGlobal
